
Microsoft Visual Studio Solution File, Format Version 12.00
# Visual Studio Version 16
VisualStudioVersion = 16.0.31702.278
MinimumVisualStudioVersion = 10.0.40219.1
Project("{8BC9CEB8-8B4A-11D0-8D11-00A0C91BC942}") = "Structures", "Structures.vcxproj", "{241EA0F2-EC57-4D2F-8EFF-234FAD65827E}"
EndProject
Global
	GlobalSection(SolutionConfigurationPlatforms) = preSolution
		Debug|x64 = Debug|x64
		Debug|x86 = Debug|x86
		Release|x64 = Release|x64
		Release|x86 = Release|x86
	EndGlobalSection
	GlobalSection(ProjectConfigurationPlatforms) = postSolution
		{241EA0F2-EC57-4D2F-8EFF-234FAD65827E}.Debug|x64.ActiveCfg = Debug|x64
		{241EA0F2-EC57-4D2F-8EFF-234FAD65827E}.Debug|x64.Build.0 = Debug|x64
		{241EA0F2-EC57-4D2F-8EFF-234FAD65827E}.Debug|x86.ActiveCfg = Debug|Win32
		{241EA0F2-EC57-4D2F-8EFF-234FAD65827E}.Debug|x86.Build.0 = Debug|Win32
		{241EA0F2-EC57-4D2F-8EFF-234FAD65827E}.Release|x64.ActiveCfg = Release|x64
		{241EA0F2-EC57-4D2F-8EFF-234FAD65827E}.Release|x64.Build.0 = Release|x64
		{241EA0F2-EC57-4D2F-8EFF-234FAD65827E}.Release|x86.ActiveCfg = Release|Win32
		{241EA0F2-EC57-4D2F-8EFF-234FAD65827E}.Release|x86.Build.0 = Release|Win32
	EndGlobalSection
	GlobalSection(SolutionProperties) = preSolution
		HideSolutionNode = FALSE
	EndGlobalSection
	GlobalSection(ExtensibilityGlobals) = postSolution
		SolutionGuid = {D7625347-9B6D-4858-8351-1EEF5470DC4D}
	EndGlobalSection
EndGlobal
